{"1.1.0",
[{<<"brod">>,
  {git,"https://github.com/klarna/brod.git",
       {ref,"417a186a9a66f56318a3c3341de3d80d12ad91db"}},
  0},
 {<<"clique">>,
  {git,"https://github.com/emqx/clique",
       {ref,"d4efb5891f15b5dbb8c0b7e76a468b451b3e96d7"}},
  1},
 {<<"cowboy">>,{pkg,<<"cowboy">>,<<"2.6.1">>},1},
 {<<"cowlib">>,{pkg,<<"cowlib">>,<<"2.7.3">>},2},
 {<<"crc32cer">>,{pkg,<<"crc32cer">>,<<"0.1.3">>},2},
 {<<"cuttlefish">>,
  {git,"https://github.com/emqx/cuttlefish",
       {ref,"6cbd4a22da214735da932c19d327b2724172107a"}},
  1},
 {<<"ekka">>,{pkg,<<"ekka">>,<<"0.6.0">>},1},
 {<<"emqx">>,
  {git,"https://github.com/emqx/emqx",
       {ref,"982193453a557c1d16db7c75a9eb4d7708643d4e"}},
  0},
 {<<"emqx_management">>,
  {git,"https://github.com/emqx/emqx-management",
       {ref,"2367c906eee0c8afec895e2c25f28c6ae923367a"}},
  0},
 {<<"emqx_reloader">>,
  {git,"https://github.com/emqx/emqx-reloader",
       {ref,"ddaea9cd3c79e08273ca27715e941531081e8f37"}},
  1},
 {<<"esockd">>,{pkg,<<"esockd">>,<<"5.5.0">>},1},
 {<<"gen_rpc">>,
  {git,"https://github.com/emqx/gen_rpc",
       {ref,"fe2dd1d92a2b666e40c77dde95711a2e9317082a"}},
  1},
 {<<"getopt">>,
  {git,"https://github.com/emqx/getopt.git",
       {ref,"215f2083408e1fe562d441aea6062bf5d9e1fb67"}},
  2},
 {<<"gproc">>,{pkg,<<"gproc">>,<<"0.8.0">>},1},
 {<<"jsx">>,
  {git,"https://github.com/talentdeficit/jsx.git",
       {ref,"3074d4865b3385a050badf7828ad31490d860df5"}},
  0},
 {<<"kafka_protocol">>,{pkg,<<"kafka_protocol">>,<<"2.2.9">>},1},
 {<<"minirest">>,
  {git,"https://github.com/emqx/minirest",
       {ref,"8e858ba23e2e54a36584ce97650e447b94b143a1"}},
  1},
 {<<"ranch">>,{pkg,<<"ranch">>,<<"1.7.1">>},2},
 {<<"snappyer">>,{pkg,<<"snappyer">>,<<"1.2.4">>},2},
 {<<"ssl_verify_fun">>,
  {git,"https://github.com/deadtrickster/ssl_verify_fun.erl.git",
       {ref,"c5718226b0b9f3d1a38ef6ca3c3b4c75f53dda92"}},
  2},
 {<<"supervisor3">>,{pkg,<<"supervisor3">>,<<"1.1.8">>},1}]}.
[
{pkg_hash,[
 {<<"cowboy">>, <<"F2E06F757C337B3B311F9437E6E072B678FCD71545A7B2865BDAA154D078593F">>},
 {<<"cowlib">>, <<"A7FFCD0917E6D50B4D5FB28E9E2085A0CEB3C97DEA310505F7460FF5ED764CE9">>},
 {<<"crc32cer">>, <<"8984906C4B4FAE6AA292C48F286A1C83B19AD44BD102287ACB94D696015967CE">>},
 {<<"ekka">>, <<"07095212D5463E44379E7399AE9DAEBCFD6C0A2E9709AEC7C67EB08E506E3C0E">>},
 {<<"esockd">>, <<"53017454B0F7AFA248E34CAD51823D5693FC41AFD1A29A658DB9DC8A0B4A851D">>},
 {<<"gproc">>, <<"CEA02C578589C61E5341FCE149EA36CCEF236CC2ECAC8691FBA408E7EA77EC2F">>},
 {<<"kafka_protocol">>, <<"FBEC2DDB607A0CB05B832A93DCFDD4DBAE6BD3B838C9AACE93F6871BBB91F81F">>},
 {<<"ranch">>, <<"6B1FAB51B49196860B733A49C07604465A47BDB78AA10C1C16A3D199F7F8C881">>},
 {<<"snappyer">>, <<"6D739C534CD2339633127A2B40279BE71F149E5842C5363A4D88E66EFB7C1FEC">>},
 {<<"supervisor3">>, <<"5CF95C95342B589EC8D74689EEA0646C0A3EB92820241E0C2D0CA4C104DF92BC">>}]}
].
